
Microsoft Visual Studio Solution File, Format Version 12.00
# Visual Studio Version 17
VisualStudioVersion = 17.14.36518.9 d17.14
MinimumVisualStudioVersion = 10.0.40219.1
Project("{FAE04EC0-301F-11D3-BF4B-00C04F79EFBC}") = "F25Week5WpfControls", "F25Week5WpfControls\F25Week5WpfControls.csproj", "{3AA3B014-20C3-4AC3-B1C4-2AB2EDF60FB2}"
EndProject
Global
	GlobalSection(SolutionConfigurationPlatforms) = preSolution
		Debug|Any CPU = Debug|Any CPU
		Release|Any CPU = Release|Any CPU
	EndGlobalSection
	GlobalSection(ProjectConfigurationPlatforms) = postSolution
		{3AA3B014-20C3-4AC3-B1C4-2AB2EDF60FB2}.Debug|Any CPU.ActiveCfg = Debug|Any CPU
		{3AA3B014-20C3-4AC3-B1C4-2AB2EDF60FB2}.Debug|Any CPU.Build.0 = Debug|Any CPU
		{3AA3B014-20C3-4AC3-B1C4-2AB2EDF60FB2}.Release|Any CPU.ActiveCfg = Release|Any CPU
		{3AA3B014-20C3-4AC3-B1C4-2AB2EDF60FB2}.Release|Any CPU.Build.0 = Release|Any CPU
	EndGlobalSection
	GlobalSection(SolutionProperties) = preSolution
		HideSolutionNode = FALSE
	EndGlobalSection
	GlobalSection(ExtensibilityGlobals) = postSolution
		SolutionGuid = {435C0E26-A703-4E6B-9E18-5082DC904A04}
	EndGlobalSection
EndGlobal
